// !$*UTF8*$!
{
	archiveVersion = 1;
	classes = {
	};
	objectVersion = 51;
	objects = {

/* Begin PBXBuildFile section */
		07B02A9BCA2B72E9C3810528 /* Pods_DemoTests.framework in Frameworks */ = {isa = PBXBuildFile; fileRef = 0862B91DAB8A8C8332BD76D9 /* Pods_DemoTests.framework */; };
		1DDF063EBF358EC6E921C77A /* Pods_Demo_DemoUITests.framework in Frameworks */ = {isa = PBXBuildFile; fileRef = FFA42915583A2EEF36853161 /* Pods_Demo_DemoUITests.framework */; };
		A8F20A24547A2273D69690A0 /* Pods_Demo.framework in Frameworks */ = {isa = PBXBuildFile; fileRef = C8B46343287E93FD0F818970 /* Pods_Demo.framework */; };
		C650CFF1246AB634002A01C9 /* XSRefreshTool.m in Sources */ = {isa = PBXBuildFile; fileRef = C650CFF0246AB634002A01C9 /* XSRefreshTool.m */; };
		C650CFF6246AD084002A01C9 /* Icon_Refresh.png in Resources */ = {isa = PBXBuildFile; fileRef = C650CFF5246AD084002A01C9 /* Icon_Refresh.png */; };
		C650D061246BCF35002A01C9 /* MJDIYHeader.m in Sources */ = {isa = PBXBuildFile; fileRef = C650D060246BCF35002A01C9 /* MJDIYHeader.m */; };
		C650D063246BD4F5002A01C9 /* Icon_Refresh_Arrow@2x.png in Resources */ = {isa = PBXBuildFile; fileRef = C650D062246BD4F5002A01C9 /* Icon_Refresh_Arrow@2x.png */; };
		C650D099246EBA40002A01C9 /* TBCityIconFont.m in Sources */ = {isa = PBXBuildFile; fileRef = C650D095246EBA40002A01C9 /* TBCityIconFont.m */; };
		C650D09A246EBA40002A01C9 /* TBCityIconInfo.m in Sources */ = {isa = PBXBuildFile; fileRef = C650D096246EBA40002A01C9 /* TBCityIconInfo.m */; };
		C650D09D246EBA8E002A01C9 /* UIImage+TBCityIconFont.m in Sources */ = {isa = PBXBuildFile; fileRef = C650D09C246EBA8E002A01C9 /* UIImage+TBCityIconFont.m */; };
		C650D0A0246EBD19002A01C9 /* iconfont.json in Resources */ = {isa = PBXBuildFile; fileRef = C650D09E246EBD19002A01C9 /* iconfont.json */; };
		C650D0A1246EBD19002A01C9 /* iconfont.ttf in Resources */ = {isa = PBXBuildFile; fileRef = C650D09F246EBD19002A01C9 /* iconfont.ttf */; };
		C65AFE5024814F960015E9B3 /* Location.gpx in Resources */ = {isa = PBXBuildFile; fileRef = C65AFE4F24814F960015E9B3 /* Location.gpx */; };
		C66F2CD62465873F00F380E4 /* AppDelegate.m in Sources */ = {isa = PBXBuildFile; fileRef = C66F2CD52465873F00F380E4 /* AppDelegate.m */; };
		C66F2CD92465873F00F380E4 /* SceneDelegate.m in Sources */ = {isa = PBXBuildFile; fileRef = C66F2CD82465873F00F380E4 /* SceneDelegate.m */; };
		C66F2CDC2465873F00F380E4 /* ViewController.m in Sources */ = {isa = PBXBuildFile; fileRef = C66F2CDB2465873F00F380E4 /* ViewController.m */; };
		C66F2CDF2465873F00F380E4 /* Main.storyboard in Resources */ = {isa = PBXBuildFile; fileRef = C66F2CDD2465873F00F380E4 /* Main.storyboard */; };
		C66F2CE12465874300F380E4 /* Assets.xcassets in Resources */ = {isa = PBXBuildFile; fileRef = C66F2CE02465874300F380E4 /* Assets.xcassets */; };
		C66F2CE42465874300F380E4 /* LaunchScreen.storyboard in Resources */ = {isa = PBXBuildFile; fileRef = C66F2CE22465874300F380E4 /* LaunchScreen.storyboard */; };
		C66F2CE72465874300F380E4 /* main.m in Sources */ = {isa = PBXBuildFile; fileRef = C66F2CE62465874300F380E4 /* main.m */; };
		C66F2CF12465874300F380E4 /* DemoTests.m in Sources */ = {isa = PBXBuildFile; fileRef = C66F2CF02465874300F380E4 /* DemoTests.m */; };
		C66F2CFC2465874300F380E4 /* DemoUITests.m in Sources */ = {isa = PBXBuildFile; fileRef = C66F2CFB2465874300F380E4 /* DemoUITests.m */; };
		C681128124B848D2007C6668 /* XSMJDIYFooter.m in Sources */ = {isa = PBXBuildFile; fileRef = C681127824B848D2007C6668 /* XSMJDIYFooter.m */; };
		C681128224B848D2007C6668 /* XSMJDIYHeader.m in Sources */ = {isa = PBXBuildFile; fileRef = C681127924B848D2007C6668 /* XSMJDIYHeader.m */; };
		C681128324B848D2007C6668 /* UIScrollView+XSRefresh.m in Sources */ = {isa = PBXBuildFile; fileRef = C681127A24B848D2007C6668 /* UIScrollView+XSRefresh.m */; };
		C681128424B848D2007C6668 /* UIScrollView+XSOldRefresh.m in Sources */ = {isa = PBXBuildFile; fileRef = C681127D24B848D2007C6668 /* UIScrollView+XSOldRefresh.m */; };
		C681128724B84A5A007C6668 /* UIView+FrameExtension.m in Sources */ = {isa = PBXBuildFile; fileRef = C681128624B84A5A007C6668 /* UIView+FrameExtension.m */; };
		C681128924B84FA8007C6668 /* XSPullRefresh.json in Resources */ = {isa = PBXBuildFile; fileRef = C681128824B84FA8007C6668 /* XSPullRefresh.json */; };
/* End PBXBuildFile section */

/* Begin PBXContainerItemProxy section */
		C66F2CED2465874300F380E4 /* PBXContainerItemProxy */ = {
			isa = PBXContainerItemProxy;
			containerPortal = C66F2CC92465873F00F380E4 /* Project object */;
			proxyType = 1;
			remoteGlobalIDString = C66F2CD02465873F00F380E4;
			remoteInfo = Demo;
		};
		C66F2CF82465874300F380E4 /* PBXContainerItemProxy */ = {
			isa = PBXContainerItemProxy;
			containerPortal = C66F2CC92465873F00F380E4 /* Project object */;
			proxyType = 1;
			remoteGlobalIDString = C66F2CD02465873F00F380E4;
			remoteInfo = Demo;
		};
/* End PBXContainerItemProxy section */

/* Begin PBXFileReference section */
		0862B91DAB8A8C8332BD76D9 /* Pods_DemoTests.framework */ = {isa = PBXFileReference; explicitFileType = wrapper.framework; includeInIndex = 0; path = Pods_DemoTests.framework; sourceTree = BUILT_PRODUCTS_DIR; };
		15173070868618D643156AB9 /* Pods-DemoTests.release.xcconfig */ = {isa = PBXFileReference; includeInIndex = 1; lastKnownFileType = text.xcconfig; name = "Pods-DemoTests.release.xcconfig"; path = "Target Support Files/Pods-DemoTests/Pods-DemoTests.release.xcconfig"; sourceTree = "<group>"; };
		3EF2CA09560C43840739F6E5 /* Pods-Demo-DemoUITests.debug.xcconfig */ = {isa = PBXFileReference; includeInIndex = 1; lastKnownFileType = text.xcconfig; name = "Pods-Demo-DemoUITests.debug.xcconfig"; path = "Target Support Files/Pods-Demo-DemoUITests/Pods-Demo-DemoUITests.debug.xcconfig"; sourceTree = "<group>"; };
		3F762E7D7D5B4417463B9C24 /* Pods-Demo-DemoUITests.release.xcconfig */ = {isa = PBXFileReference; includeInIndex = 1; lastKnownFileType = text.xcconfig; name = "Pods-Demo-DemoUITests.release.xcconfig"; path = "Target Support Files/Pods-Demo-DemoUITests/Pods-Demo-DemoUITests.release.xcconfig"; sourceTree = "<group>"; };
		6C95719014EEEDC79149738B /* Pods-Demo.debug.xcconfig */ = {isa = PBXFileReference; includeInIndex = 1; lastKnownFileType = text.xcconfig; name = "Pods-Demo.debug.xcconfig"; path = "Target Support Files/Pods-Demo/Pods-Demo.debug.xcconfig"; sourceTree = "<group>"; };
		9F69338902ECD8980A604FAB /* Pods-Demo.release.xcconfig */ = {isa = PBXFileReference; includeInIndex = 1; lastKnownFileType = text.xcconfig; name = "Pods-Demo.release.xcconfig"; path = "Target Support Files/Pods-Demo/Pods-Demo.release.xcconfig"; sourceTree = "<group>"; };
		C650CFEF246AB634002A01C9 /* XSRefreshTool.h */ = {isa = PBXFileReference; lastKnownFileType = sourcecode.c.h; path = XSRefreshTool.h; sourceTree = "<group>"; };
		C650CFF0246AB634002A01C9 /* XSRefreshTool.m */ = {isa = PBXFileReference; lastKnownFileType = sourcecode.c.objc; path = XSRefreshTool.m; sourceTree = "<group>"; };
		C650CFF5246AD084002A01C9 /* Icon_Refresh.png */ = {isa = PBXFileReference; lastKnownFileType = image.png; path = Icon_Refresh.png; sourceTree = "<group>"; };
		C650D05F246BCF35002A01C9 /* MJDIYHeader.h */ = {isa = PBXFileReference; fileEncoding = 4; lastKnownFileType = sourcecode.c.h; path = MJDIYHeader.h; sourceTree = "<group>"; };
		C650D060246BCF35002A01C9 /* MJDIYHeader.m */ = {isa = PBXFileReference; fileEncoding = 4; lastKnownFileType = sourcecode.c.objc; path = MJDIYHeader.m; sourceTree = "<group>"; };
		C650D062246BD4F5002A01C9 /* Icon_Refresh_Arrow@2x.png */ = {isa = PBXFileReference; lastKnownFileType = image.png; path = "Icon_Refresh_Arrow@2x.png"; sourceTree = "<group>"; };
		C650D095246EBA40002A01C9 /* TBCityIconFont.m */ = {isa = PBXFileReference; fileEncoding = 4; lastKnownFileType = sourcecode.c.objc; path = TBCityIconFont.m; sourceTree = "<group>"; };
		C650D096246EBA40002A01C9 /* TBCityIconInfo.m */ = {isa = PBXFileReference; fileEncoding = 4; lastKnownFileType = sourcecode.c.objc; path = TBCityIconInfo.m; sourceTree = "<group>"; };
		C650D097246EBA40002A01C9 /* TBCityIconInfo.h */ = {isa = PBXFileReference; fileEncoding = 4; lastKnownFileType = sourcecode.c.h; path = TBCityIconInfo.h; sourceTree = "<group>"; };
		C650D098246EBA40002A01C9 /* TBCityIconFont.h */ = {isa = PBXFileReference; fileEncoding = 4; lastKnownFileType = sourcecode.c.h; path = TBCityIconFont.h; sourceTree = "<group>"; };
		C650D09B246EBA8E002A01C9 /* UIImage+TBCityIconFont.h */ = {isa = PBXFileReference; lastKnownFileType = sourcecode.c.h; path = "UIImage+TBCityIconFont.h"; sourceTree = "<group>"; };
		C650D09C246EBA8E002A01C9 /* UIImage+TBCityIconFont.m */ = {isa = PBXFileReference; lastKnownFileType = sourcecode.c.objc; path = "UIImage+TBCityIconFont.m"; sourceTree = "<group>"; };
		C650D09E246EBD19002A01C9 /* iconfont.json */ = {isa = PBXFileReference; fileEncoding = 4; lastKnownFileType = text.json; path = iconfont.json; sourceTree = "<group>"; };
		C650D09F246EBD19002A01C9 /* iconfont.ttf */ = {isa = PBXFileReference; lastKnownFileType = file; path = iconfont.ttf; sourceTree = "<group>"; };
		C65AFE4F24814F960015E9B3 /* Location.gpx */ = {isa = PBXFileReference; lastKnownFileType = text.xml; path = Location.gpx; sourceTree = "<group>"; };
		C66F2CD12465873F00F380E4 /* Demo.app */ = {isa = PBXFileReference; explicitFileType = wrapper.application; includeInIndex = 0; path = Demo.app; sourceTree = BUILT_PRODUCTS_DIR; };
		C66F2CD42465873F00F380E4 /* AppDelegate.h */ = {isa = PBXFileReference; lastKnownFileType = sourcecode.c.h; path = AppDelegate.h; sourceTree = "<group>"; };
		C66F2CD52465873F00F380E4 /* AppDelegate.m */ = {isa = PBXFileReference; lastKnownFileType = sourcecode.c.objc; path = AppDelegate.m; sourceTree = "<group>"; };
		C66F2CD72465873F00F380E4 /* SceneDelegate.h */ = {isa = PBXFileReference; lastKnownFileType = sourcecode.c.h; path = SceneDelegate.h; sourceTree = "<group>"; };
		C66F2CD82465873F00F380E4 /* SceneDelegate.m */ = {isa = PBXFileReference; lastKnownFileType = sourcecode.c.objc; path = SceneDelegate.m; sourceTree = "<group>"; };
		C66F2CDA2465873F00F380E4 /* ViewController.h */ = {isa = PBXFileReference; lastKnownFileType = sourcecode.c.h; path = ViewController.h; sourceTree = "<group>"; };
		C66F2CDB2465873F00F380E4 /* ViewController.m */ = {isa = PBXFileReference; lastKnownFileType = sourcecode.c.objc; path = ViewController.m; sourceTree = "<group>"; };
		C66F2CDE2465873F00F380E4 /* Base */ = {isa = PBXFileReference; lastKnownFileType = file.storyboard; name = Base; path = Base.lproj/Main.storyboard; sourceTree = "<group>"; };
		C66F2CE02465874300F380E4 /* Assets.xcassets */ = {isa = PBXFileReference; lastKnownFileType = folder.assetcatalog; path = Assets.xcassets; sourceTree = "<group>"; };
		C66F2CE32465874300F380E4 /* Base */ = {isa = PBXFileReference; lastKnownFileType = file.storyboard; name = Base; path = Base.lproj/LaunchScreen.storyboard; sourceTree = "<group>"; };
		C66F2CE52465874300F380E4 /* Info.plist */ = {isa = PBXFileReference; lastKnownFileType = text.plist.xml; path = Info.plist; sourceTree = "<group>"; };
		C66F2CE62465874300F380E4 /* main.m */ = {isa = PBXFileReference; lastKnownFileType = sourcecode.c.objc; path = main.m; sourceTree = "<group>"; };
		C66F2CEC2465874300F380E4 /* DemoTests.xctest */ = {isa = PBXFileReference; explicitFileType = wrapper.cfbundle; includeInIndex = 0; path = DemoTests.xctest; sourceTree = BUILT_PRODUCTS_DIR; };
		C66F2CF02465874300F380E4 /* DemoTests.m */ = {isa = PBXFileReference; lastKnownFileType = sourcecode.c.objc; path = DemoTests.m; sourceTree = "<group>"; };
		C66F2CF22465874300F380E4 /* Info.plist */ = {isa = PBXFileReference; lastKnownFileType = text.plist.xml; path = Info.plist; sourceTree = "<group>"; };
		C66F2CF72465874300F380E4 /* DemoUITests.xctest */ = {isa = PBXFileReference; explicitFileType = wrapper.cfbundle; includeInIndex = 0; path = DemoUITests.xctest; sourceTree = BUILT_PRODUCTS_DIR; };
		C66F2CFB2465874300F380E4 /* DemoUITests.m */ = {isa = PBXFileReference; lastKnownFileType = sourcecode.c.objc; path = DemoUITests.m; sourceTree = "<group>"; };
		C66F2CFD2465874300F380E4 /* Info.plist */ = {isa = PBXFileReference; lastKnownFileType = text.plist.xml; path = Info.plist; sourceTree = "<group>"; };
		C681127824B848D2007C6668 /* XSMJDIYFooter.m */ = {isa = PBXFileReference; fileEncoding = 4; lastKnownFileType = sourcecode.c.objc; path = XSMJDIYFooter.m; sourceTree = "<group>"; };
		C681127924B848D2007C6668 /* XSMJDIYHeader.m */ = {isa = PBXFileReference; fileEncoding = 4; lastKnownFileType = sourcecode.c.objc; path = XSMJDIYHeader.m; sourceTree = "<group>"; };
		C681127A24B848D2007C6668 /* UIScrollView+XSRefresh.m */ = {isa = PBXFileReference; fileEncoding = 4; lastKnownFileType = sourcecode.c.objc; path = "UIScrollView+XSRefresh.m"; sourceTree = "<group>"; };
		C681127C24B848D2007C6668 /* UIScrollView+XSOldRefresh.h */ = {isa = PBXFileReference; fileEncoding = 4; lastKnownFileType = sourcecode.c.h; path = "UIScrollView+XSOldRefresh.h"; sourceTree = "<group>"; };
		C681127D24B848D2007C6668 /* UIScrollView+XSOldRefresh.m */ = {isa = PBXFileReference; fileEncoding = 4; lastKnownFileType = sourcecode.c.objc; path = "UIScrollView+XSOldRefresh.m"; sourceTree = "<group>"; };
		C681127E24B848D2007C6668 /* XSMJDIYHeader.h */ = {isa = PBXFileReference; fileEncoding = 4; lastKnownFileType = sourcecode.c.h; path = XSMJDIYHeader.h; sourceTree = "<group>"; };
		C681127F24B848D2007C6668 /* XSMJDIYFooter.h */ = {isa = PBXFileReference; fileEncoding = 4; lastKnownFileType = sourcecode.c.h; path = XSMJDIYFooter.h; sourceTree = "<group>"; };
		C681128024B848D2007C6668 /* UIScrollView+XSRefresh.h */ = {isa = PBXFileReference; fileEncoding = 4; lastKnownFileType = sourcecode.c.h; path = "UIScrollView+XSRefresh.h"; sourceTree = "<group>"; };
		C681128524B84A59007C6668 /* UIView+FrameExtension.h */ = {isa = PBXFileReference; fileEncoding = 4; lastKnownFileType = sourcecode.c.h; path = "UIView+FrameExtension.h"; sourceTree = "<group>"; };
		C681128624B84A5A007C6668 /* UIView+FrameExtension.m */ = {isa = PBXFileReference; fileEncoding = 4; lastKnownFileType = sourcecode.c.objc; path = "UIView+FrameExtension.m"; sourceTree = "<group>"; };
		C681128824B84FA8007C6668 /* XSPullRefresh.json */ = {isa = PBXFileReference; fileEncoding = 4; lastKnownFileType = text.json; path = XSPullRefresh.json; sourceTree = "<group>"; };
		C8B46343287E93FD0F818970 /* Pods_Demo.framework */ = {isa = PBXFileReference; explicitFileType = wrapper.framework; includeInIndex = 0; path = Pods_Demo.framework; sourceTree = BUILT_PRODUCTS_DIR; };
		FA1234D6323E93055B217369 /* Pods-DemoTests.debug.xcconfig */ = {isa = PBXFileReference; includeInIndex = 1; lastKnownFileType = text.xcconfig; name = "Pods-DemoTests.debug.xcconfig"; path = "Target Support Files/Pods-DemoTests/Pods-DemoTests.debug.xcconfig"; sourceTree = "<group>"; };
		FFA42915583A2EEF36853161 /* Pods_Demo_DemoUITests.framework */ = {isa = PBXFileReference; explicitFileType = wrapper.framework; includeInIndex = 0; path = Pods_Demo_DemoUITests.framework; sourceTree = BUILT_PRODUCTS_DIR; };
/* End PBXFileReference section */

/* Begin PBXFrameworksBuildPhase section */
		C66F2CCE2465873F00F380E4 /* Frameworks */ = {
			isa = PBXFrameworksBuildPhase;
			buildActionMask = 2147483647;
			files = (
				A8F20A24547A2273D69690A0 /* Pods_Demo.framework in Frameworks */,
			);
			runOnlyForDeploymentPostprocessing = 0;
		};
		C66F2CE92465874300F380E4 /* Frameworks */ = {
			isa = PBXFrameworksBuildPhase;
			buildActionMask = 2147483647;
			files = (
				07B02A9BCA2B72E9C3810528 /* Pods_DemoTests.framework in Frameworks */,
			);
			runOnlyForDeploymentPostprocessing = 0;
		};
		C66F2CF42465874300F380E4 /* Frameworks */ = {
			isa = PBXFrameworksBuildPhase;
			buildActionMask = 2147483647;
			files = (
				1DDF063EBF358EC6E921C77A /* Pods_Demo_DemoUITests.framework in Frameworks */,
			);
			runOnlyForDeploymentPostprocessing = 0;
		};
/* End PBXFrameworksBuildPhase section */

/* Begin PBXGroup section */
		BC7B89D71CB869ADBE0201EF /* Frameworks */ = {
			isa = PBXGroup;
			children = (
				C8B46343287E93FD0F818970 /* Pods_Demo.framework */,
				FFA42915583A2EEF36853161 /* Pods_Demo_DemoUITests.framework */,
				0862B91DAB8A8C8332BD76D9 /* Pods_DemoTests.framework */,
			);
			name = Frameworks;
			sourceTree = "<group>";
		};
		C2F139A28BCF9E91B7D2C83B /* Pods */ = {
			isa = PBXGroup;
			children = (
				6C95719014EEEDC79149738B /* Pods-Demo.debug.xcconfig */,
				9F69338902ECD8980A604FAB /* Pods-Demo.release.xcconfig */,
				3EF2CA09560C43840739F6E5 /* Pods-Demo-DemoUITests.debug.xcconfig */,
				3F762E7D7D5B4417463B9C24 /* Pods-Demo-DemoUITests.release.xcconfig */,
				FA1234D6323E93055B217369 /* Pods-DemoTests.debug.xcconfig */,
				15173070868618D643156AB9 /* Pods-DemoTests.release.xcconfig */,
			);
			path = Pods;
			sourceTree = "<group>";
		};
		C650D094246EBA40002A01C9 /* XSIconFont */ = {
			isa = PBXGroup;
			children = (
				C650D09E246EBD19002A01C9 /* iconfont.json */,
				C650D09F246EBD19002A01C9 /* iconfont.ttf */,
				C650D098246EBA40002A01C9 /* TBCityIconFont.h */,
				C650D095246EBA40002A01C9 /* TBCityIconFont.m */,
				C650D097246EBA40002A01C9 /* TBCityIconInfo.h */,
				C650D096246EBA40002A01C9 /* TBCityIconInfo.m */,
				C650D09B246EBA8E002A01C9 /* UIImage+TBCityIconFont.h */,
				C650D09C246EBA8E002A01C9 /* UIImage+TBCityIconFont.m */,
			);
			path = XSIconFont;
			sourceTree = "<group>";
		};
		C65AFE4E24814F7F0015E9B3 /* GPX */ = {
			isa = PBXGroup;
			children = (
				C65AFE4F24814F960015E9B3 /* Location.gpx */,
			);
			path = GPX;
			sourceTree = "<group>";
		};
		C66F2CC82465873F00F380E4 = {
			isa = PBXGroup;
			children = (
				C66F2CD32465873F00F380E4 /* Demo */,
				C66F2CEF2465874300F380E4 /* DemoTests */,
				C66F2CFA2465874300F380E4 /* DemoUITests */,
				C66F2CD22465873F00F380E4 /* Products */,
				C2F139A28BCF9E91B7D2C83B /* Pods */,
				BC7B89D71CB869ADBE0201EF /* Frameworks */,
			);
			sourceTree = "<group>";
		};
		C66F2CD22465873F00F380E4 /* Products */ = {
			isa = PBXGroup;
			children = (
				C66F2CD12465873F00F380E4 /* Demo.app */,
				C66F2CEC2465874300F380E4 /* DemoTests.xctest */,
				C66F2CF72465874300F380E4 /* DemoUITests.xctest */,
			);
			name = Products;
			sourceTree = "<group>";
		};
		C66F2CD32465873F00F380E4 /* Demo */ = {
			isa = PBXGroup;
			children = (
				C681127724B848D2007C6668 /* XSRefresh */,
				C65AFE4E24814F7F0015E9B3 /* GPX */,
				C650D094246EBA40002A01C9 /* XSIconFont */,
				C650D062246BD4F5002A01C9 /* Icon_Refresh_Arrow@2x.png */,
				C650D05F246BCF35002A01C9 /* MJDIYHeader.h */,
				C650D060246BCF35002A01C9 /* MJDIYHeader.m */,
				C650CFF5246AD084002A01C9 /* Icon_Refresh.png */,
				C66F2CD42465873F00F380E4 /* AppDelegate.h */,
				C66F2CD52465873F00F380E4 /* AppDelegate.m */,
				C66F2CD72465873F00F380E4 /* SceneDelegate.h */,
				C66F2CD82465873F00F380E4 /* SceneDelegate.m */,
				C66F2CDA2465873F00F380E4 /* ViewController.h */,
				C66F2CDB2465873F00F380E4 /* ViewController.m */,
				C650CFEF246AB634002A01C9 /* XSRefreshTool.h */,
				C650CFF0246AB634002A01C9 /* XSRefreshTool.m */,
				C66F2CDD2465873F00F380E4 /* Main.storyboard */,
				C66F2CE02465874300F380E4 /* Assets.xcassets */,
				C66F2CE22465874300F380E4 /* LaunchScreen.storyboard */,
				C66F2CE52465874300F380E4 /* Info.plist */,
				C66F2CE62465874300F380E4 /* main.m */,
			);
			path = Demo;
			sourceTree = "<group>";
		};
		C66F2CEF2465874300F380E4 /* DemoTests */ = {
			isa = PBXGroup;
			children = (
				C66F2CF02465874300F380E4 /* DemoTests.m */,
				C66F2CF22465874300F380E4 /* Info.plist */,
			);
			path = DemoTests;
			sourceTree = "<group>";
		};
		C66F2CFA2465874300F380E4 /* DemoUITests */ = {
			isa = PBXGroup;
			children = (
				C66F2CFB2465874300F380E4 /* DemoUITests.m */,
				C66F2CFD2465874300F380E4 /* Info.plist */,
			);
			path = DemoUITests;
			sourceTree = "<group>";
		};
		C681127724B848D2007C6668 /* XSRefresh */ = {
			isa = PBXGroup;
			children = (
				C681128824B84FA8007C6668 /* XSPullRefresh.json */,
				C681128524B84A59007C6668 /* UIView+FrameExtension.h */,
				C681128624B84A5A007C6668 /* UIView+FrameExtension.m */,
				C681127B24B848D2007C6668 /* XSOldRefresh */,
				C681127A24B848D2007C6668 /* UIScrollView+XSRefresh.m */,
				C681128024B848D2007C6668 /* UIScrollView+XSRefresh.h */,
				C681127924B848D2007C6668 /* XSMJDIYHeader.m */,
				C681127E24B848D2007C6668 /* XSMJDIYHeader.h */,
				C681127F24B848D2007C6668 /* XSMJDIYFooter.h */,
				C681127824B848D2007C6668 /* XSMJDIYFooter.m */,
			);
			path = XSRefresh;
			sourceTree = "<group>";
		};
		C681127B24B848D2007C6668 /* XSOldRefresh */ = {
			isa = PBXGroup;
			children = (
				C681127C24B848D2007C6668 /* UIScrollView+XSOldRefresh.h */,
				C681127D24B848D2007C6668 /* UIScrollView+XSOldRefresh.m */,
			);
			path = XSOldRefresh;
			sourceTree = "<group>";
		};
/* End PBXGroup section */

/* Begin PBXNativeTarget section */
		C66F2CD02465873F00F380E4 /* Demo */ = {
			isa = PBXNativeTarget;
			buildConfigurationList = C66F2D002465874300F380E4 /* Build configuration list for PBXNativeTarget "Demo" */;
			buildPhases = (
				B5764E34C9871D24754FED4B /* [CP] Check Pods Manifest.lock */,
				C66F2CCD2465873F00F380E4 /* Sources */,
				C66F2CCE2465873F00F380E4 /* Frameworks */,
				C66F2CCF2465873F00F380E4 /* Resources */,
				ABB9C561C024B4F656AB0D96 /* [CP] Embed Pods Frameworks */,
			);
			buildRules = (
			);
			dependencies = (
			);
			name = Demo;
			productName = Demo;
			productReference = C66F2CD12465873F00F380E4 /* Demo.app */;
			productType = "com.apple.product-type.application";
		};
		C66F2CEB2465874300F380E4 /* DemoTests */ = {
			isa = PBXNativeTarget;
			buildConfigurationList = C66F2D032465874300F380E4 /* Build configuration list for PBXNativeTarget "DemoTests" */;
			buildPhases = (
				A8C4560742E558DA5078C2DD /* [CP] Check Pods Manifest.lock */,
				C66F2CE82465874300F380E4 /* Sources */,
				C66F2CE92465874300F380E4 /* Frameworks */,
				C66F2CEA2465874300F380E4 /* Resources */,
			);
			buildRules = (
			);
			dependencies = (
				C66F2CEE2465874300F380E4 /* PBXTargetDependency */,
			);
			name = DemoTests;
			productName = DemoTests;
			productReference = C66F2CEC2465874300F380E4 /* DemoTests.xctest */;
			productType = "com.apple.product-type.bundle.unit-test";
		};
		C66F2CF62465874300F380E4 /* DemoUITests */ = {
			isa = PBXNativeTarget;
			buildConfigurationList = C66F2D062465874300F380E4 /* Build configuration list for PBXNativeTarget "DemoUITests" */;
			buildPhases = (
				AA98A0310C8123B177F27B71 /* [CP] Check Pods Manifest.lock */,
				C66F2CF32465874300F380E4 /* Sources */,
				C66F2CF42465874300F380E4 /* Frameworks */,
				C66F2CF52465874300F380E4 /* Resources */,
				A7FC16EA8EC413A2844C8800 /* [CP] Embed Pods Frameworks */,
			);
			buildRules = (
			);
			dependencies = (
				C66F2CF92465874300F380E4 /* PBXTargetDependency */,
			);
			name = DemoUITests;
			productName = DemoUITests;
			productReference = C66F2CF72465874300F380E4 /* DemoUITests.xctest */;
			productType = "com.apple.product-type.bundle.ui-testing";
		};
/* End PBXNativeTarget section */

/* Begin PBXProject section */
		C66F2CC92465873F00F380E4 /* Project object */ = {
			isa = PBXProject;
			attributes = {
				LastUpgradeCheck = 1140;
				ORGANIZATIONNAME = "Musk Ronaldo Ming";
				TargetAttributes = {
					C66F2CD02465873F00F380E4 = {
						CreatedOnToolsVersion = 11.4.1;
					};
					C66F2CEB2465874300F380E4 = {
						CreatedOnToolsVersion = 11.4.1;
						TestTargetID = C66F2CD02465873F00F380E4;
					};
					C66F2CF62465874300F380E4 = {
						CreatedOnToolsVersion = 11.4.1;
						TestTargetID = C66F2CD02465873F00F380E4;
					};
				};
			};
			buildConfigurationList = C66F2CCC2465873F00F380E4 /* Build configuration list for PBXProject "Demo" */;
			compatibilityVersion = "Xcode 9.3";
			developmentRegion = en;
			hasScannedForEncodings = 0;
			knownRegions = (
				en,
				Base,
			);
			mainGroup = C66F2CC82465873F00F380E4;
			productRefGroup = C66F2CD22465873F00F380E4 /* Products */;
			projectDirPath = "";
			projectRoot = "";
			targets = (
				C66F2CD02465873F00F380E4 /* Demo */,
				C66F2CEB2465874300F380E4 /* DemoTests */,
				C66F2CF62465874300F380E4 /* DemoUITests */,
			);
		};
/* End PBXProject section */

/* Begin PBXResourcesBuildPhase section */
		C66F2CCF2465873F00F380E4 /* Resources */ = {
			isa = PBXResourcesBuildPhase;
			buildActionMask = 2147483647;
			files = (
				C66F2CE42465874300F380E4 /* LaunchScreen.storyboard in Resources */,
				C66F2CE12465874300F380E4 /* Assets.xcassets in Resources */,
				C65AFE5024814F960015E9B3 /* Location.gpx in Resources */,
				C650D0A1246EBD19002A01C9 /* iconfont.ttf in Resources */,
				C650D063246BD4F5002A01C9 /* Icon_Refresh_Arrow@2x.png in Resources */,
				C650CFF6246AD084002A01C9 /* Icon_Refresh.png in Resources */,
				C66F2CDF2465873F00F380E4 /* Main.storyboard in Resources */,
				C681128924B84FA8007C6668 /* XSPullRefresh.json in Resources */,
				C650D0A0246EBD19002A01C9 /* iconfont.json in Resources */,
			);
			runOnlyForDeploymentPostprocessing = 0;
		};
		C66F2CEA2465874300F380E4 /* Resources */ = {
			isa = PBXResourcesBuildPhase;
			buildActionMask = 2147483647;
			files = (
			);
			runOnlyForDeploymentPostprocessing = 0;
		};
		C66F2CF52465874300F380E4 /* Resources */ = {
			isa = PBXResourcesBuildPhase;
			buildActionMask = 2147483647;
			files = (
			);
			runOnlyForDeploymentPostprocessing = 0;
		};
/* End PBXResourcesBuildPhase section */

/* Begin PBXShellScriptBuildPhase section */
		A7FC16EA8EC413A2844C8800 /* [CP] Embed Pods Frameworks */ = {
			isa = PBXShellScriptBuildPhase;
			buildActionMask = 2147483647;
			files = (
			);
			inputFileListPaths = (
				"${PODS_ROOT}/Target Support Files/Pods-Demo-DemoUITests/Pods-Demo-DemoUITests-frameworks-${CONFIGURATION}-input-files.xcfilelist",
			);
			name = "[CP] Embed Pods Frameworks";
			outputFileListPaths = (
				"${PODS_ROOT}/Target Support Files/Pods-Demo-DemoUITests/Pods-Demo-DemoUITests-frameworks-${CONFIGURATION}-output-files.xcfilelist",
			);
			runOnlyForDeploymentPostprocessing = 0;
			shellPath = /bin/sh;
			shellScript = "\"${PODS_ROOT}/Target Support Files/Pods-Demo-DemoUITests/Pods-Demo-DemoUITests-frameworks.sh\"\n";
			showEnvVarsInLog = 0;
		};
		A8C4560742E558DA5078C2DD /* [CP] Check Pods Manifest.lock */ = {
			isa = PBXShellScriptBuildPhase;
			buildActionMask = 2147483647;
			files = (
			);
			inputFileListPaths = (
			);
			inputPaths = (
				"${PODS_PODFILE_DIR_PATH}/Podfile.lock",
				"${PODS_ROOT}/Manifest.lock",
			);
			name = "[CP] Check Pods Manifest.lock";
			outputFileListPaths = (
			);
			outputPaths = (
				"$(DERIVED_FILE_DIR)/Pods-DemoTests-checkManifestLockResult.txt",
			);
			runOnlyForDeploymentPostprocessing = 0;
			shellPath = /bin/sh;
			shellScript = "diff \"${PODS_PODFILE_DIR_PATH}/Podfile.lock\" \"${PODS_ROOT}/Manifest.lock\" > /dev/null\nif [ $? != 0 ] ; then\n    # print error to STDERR\n    echo \"error: The sandbox is not in sync with the Podfile.lock. Run 'pod install' or update your CocoaPods installation.\" >&2\n    exit 1\nfi\n# This output is used by Xcode 'outputs' to avoid re-running this script phase.\necho \"SUCCESS\" > \"${SCRIPT_OUTPUT_FILE_0}\"\n";
			showEnvVarsInLog = 0;
		};
		AA98A0310C8123B177F27B71 /* [CP] Check Pods Manifest.lock */ = {
			isa = PBXShellScriptBuildPhase;
			buildActionMask = 2147483647;
			files = (
			);
			inputFileListPaths = (
			);
			inputPaths = (
				"${PODS_PODFILE_DIR_PATH}/Podfile.lock",
				"${PODS_ROOT}/Manifest.lock",
			);
			name = "[CP] Check Pods Manifest.lock";
			outputFileListPaths = (
			);
			outputPaths = (
				"$(DERIVED_FILE_DIR)/Pods-Demo-DemoUITests-checkManifestLockResult.txt",
			);
			runOnlyForDeploymentPostprocessing = 0;
			shellPath = /bin/sh;
			shellScript = "diff \"${PODS_PODFILE_DIR_PATH}/Podfile.lock\" \"${PODS_ROOT}/Manifest.lock\" > /dev/null\nif [ $? != 0 ] ; then\n    # print error to STDERR\n    echo \"error: The sandbox is not in sync with the Podfile.lock. Run 'pod install' or update your CocoaPods installation.\" >&2\n    exit 1\nfi\n# This output is used by Xcode 'outputs' to avoid re-running this script phase.\necho \"SUCCESS\" > \"${SCRIPT_OUTPUT_FILE_0}\"\n";
			showEnvVarsInLog = 0;
		};
		ABB9C561C024B4F656AB0D96 /* [CP] Embed Pods Frameworks */ = {
			isa = PBXShellScriptBuildPhase;
			buildActionMask = 2147483647;
			files = (
			);
			inputFileListPaths = (
				"${PODS_ROOT}/Target Support Files/Pods-Demo/Pods-Demo-frameworks-${CONFIGURATION}-input-files.xcfilelist",
			);
			name = "[CP] Embed Pods Frameworks";
			outputFileListPaths = (
				"${PODS_ROOT}/Target Support Files/Pods-Demo/Pods-Demo-frameworks-${CONFIGURATION}-output-files.xcfilelist",
			);
			runOnlyForDeploymentPostprocessing = 0;
			shellPath = /bin/sh;
			shellScript = "\"${PODS_ROOT}/Target Support Files/Pods-Demo/Pods-Demo-frameworks.sh\"\n";
			showEnvVarsInLog = 0;
		};
		B5764E34C9871D24754FED4B /* [CP] Check Pods Manifest.lock */ = {
			isa = PBXShellScriptBuildPhase;
			buildActionMask = 2147483647;
			files = (
			);
			inputFileListPaths = (
			);
			inputPaths = (
				"${PODS_PODFILE_DIR_PATH}/Podfile.lock",
				"${PODS_ROOT}/Manifest.lock",
			);
			name = "[CP] Check Pods Manifest.lock";
			outputFileListPaths = (
			);
			outputPaths = (
				"$(DERIVED_FILE_DIR)/Pods-Demo-checkManifestLockResult.txt",
			);
			runOnlyForDeploymentPostprocessing = 0;
			shellPath = /bin/sh;
			shellScript = "diff \"${PODS_PODFILE_DIR_PATH}/Podfile.lock\" \"${PODS_ROOT}/Manifest.lock\" > /dev/null\nif [ $? != 0 ] ; then\n    # print error to STDERR\n    echo \"error: The sandbox is not in sync with the Podfile.lock. Run 'pod install' or update your CocoaPods installation.\" >&2\n    exit 1\nfi\n# This output is used by Xcode 'outputs' to avoid re-running this script phase.\necho \"SUCCESS\" > \"${SCRIPT_OUTPUT_FILE_0}\"\n";
			showEnvVarsInLog = 0;
		};
/* End PBXShellScriptBuildPhase section */

/* Begin PBXSourcesBuildPhase section */
		C66F2CCD2465873F00F380E4 /* Sources */ = {
			isa = PBXSourcesBuildPhase;
			buildActionMask = 2147483647;
			files = (
				C681128324B848D2007C6668 /* UIScrollView+XSRefresh.m in Sources */,
				C66F2CDC2465873F00F380E4 /* ViewController.m in Sources */,
				C681128124B848D2007C6668 /* XSMJDIYFooter.m in Sources */,
				C650D099246EBA40002A01C9 /* TBCityIconFont.m in Sources */,
				C66F2CD62465873F00F380E4 /* AppDelegate.m in Sources */,
				C681128224B848D2007C6668 /* XSMJDIYHeader.m in Sources */,
				C66F2CE72465874300F380E4 /* main.m in Sources */,
				C650D09A246EBA40002A01C9 /* TBCityIconInfo.m in Sources */,
				C66F2CD92465873F00F380E4 /* SceneDelegate.m in Sources */,
				C650D061246BCF35002A01C9 /* MJDIYHeader.m in Sources */,
				C681128424B848D2007C6668 /* UIScrollView+XSOldRefresh.m in Sources */,
				C650CFF1246AB634002A01C9 /* XSRefreshTool.m in Sources */,
				C681128724B84A5A007C6668 /* UIView+FrameExtension.m in Sources */,
				C650D09D246EBA8E002A01C9 /* UIImage+TBCityIconFont.m in Sources */,
			);
			runOnlyForDeploymentPostprocessing = 0;
		};
		C66F2CE82465874300F380E4 /* Sources */ = {
			isa = PBXSourcesBuildPhase;
			buildActionMask = 2147483647;
			files = (
				C66F2CF12465874300F380E4 /* DemoTests.m in Sources */,
			);
			runOnlyForDeploymentPostprocessing = 0;
		};
		C66F2CF32465874300F380E4 /* Sources */ = {
			isa = PBXSourcesBuildPhase;
			buildActionMask = 2147483647;
			files = (
				C66F2CFC2465874300F380E4 /* DemoUITests.m in Sources */,
			);
			runOnlyForDeploymentPostprocessing = 0;
		};
/* End PBXSourcesBuildPhase section */

/* Begin PBXTargetDependency section */
		C66F2CEE2465874300F380E4 /* PBXTargetDependency */ = {
			isa = PBXTargetDependency;
			target = C66F2CD02465873F00F380E4 /* Demo */;
			targetProxy = C66F2CED2465874300F380E4 /* PBXContainerItemProxy */;
		};
		C66F2CF92465874300F380E4 /* PBXTargetDependency */ = {
			isa = PBXTargetDependency;
			target = C66F2CD02465873F00F380E4 /* Demo */;
			targetProxy = C66F2CF82465874300F380E4 /* PBXContainerItemProxy */;
		};
/* End PBXTargetDependency section */

/* Begin PBXVariantGroup section */
		C66F2CDD2465873F00F380E4 /* Main.storyboard */ = {
			isa = PBXVariantGroup;
			children = (
				C66F2CDE2465873F00F380E4 /* Base */,
			);
			name = Main.storyboard;
			sourceTree = "<group>";
		};
		C66F2CE22465874300F380E4 /* LaunchScreen.storyboard */ = {
			isa = PBXVariantGroup;
			children = (
				C66F2CE32465874300F380E4 /* Base */,
			);
			name = LaunchScreen.storyboard;
			sourceTree = "<group>";
		};
/* End PBXVariantGroup section */

/* Begin XCBuildConfiguration section */
		C66F2CFE2465874300F380E4 /* Debug */ = {
			isa = XCBuildConfiguration;
			buildSettings = {
				ALWAYS_SEARCH_USER_PATHS = NO;
				CLANG_ANALYZER_NONNULL = YES;
				CLANG_ANALYZER_NUMBER_OBJECT_CONVERSION = YES_AGGRESSIVE;
				CLANG_CXX_LANGUAGE_STANDARD = "gnu++14";
				CLANG_CXX_LIBRARY = "libc++";
				CLANG_ENABLE_MODULES = YES;
				CLANG_ENABLE_OBJC_ARC = YES;
				CLANG_ENABLE_OBJC_WEAK = YES;
				CLANG_WARN_BLOCK_CAPTURE_AUTORELEASING = YES;
				CLANG_WARN_BOOL_CONVERSION = YES;
				CLANG_WARN_COMMA = YES;
				CLANG_WARN_CONSTANT_CONVERSION = YES;
				CLANG_WARN_DEPRECATED_OBJC_IMPLEMENTATIONS = YES;
				CLANG_WARN_DIRECT_OBJC_ISA_USAGE = YES_ERROR;
				CLANG_WARN_DOCUMENTATION_COMMENTS = YES;
				CLANG_WARN_EMPTY_BODY = YES;
				CLANG_WARN_ENUM_CONVERSION = YES;
				CLANG_WARN_INFINITE_RECURSION = YES;
				CLANG_WARN_INT_CONVERSION = YES;
				CLANG_WARN_NON_LITERAL_NULL_CONVERSION = YES;
				CLANG_WARN_OBJC_IMPLICIT_RETAIN_SELF = YES;
				CLANG_WARN_OBJC_LITERAL_CONVERSION = YES;
				CLANG_WARN_OBJC_ROOT_CLASS = YES_ERROR;
				CLANG_WARN_RANGE_LOOP_ANALYSIS = YES;
				CLANG_WARN_STRICT_PROTOTYPES = YES;
				CLANG_WARN_SUSPICIOUS_MOVE = YES;
				CLANG_WARN_UNGUARDED_AVAILABILITY = YES_AGGRESSIVE;
				CLANG_WARN_UNREACHABLE_CODE = YES;
				CLANG_WARN__DUPLICATE_METHOD_MATCH = YES;
				COPY_PHASE_STRIP = NO;
				DEBUG_INFORMATION_FORMAT = dwarf;
				ENABLE_STRICT_OBJC_MSGSEND = YES;
				ENABLE_TESTABILITY = YES;
				GCC_C_LANGUAGE_STANDARD = gnu11;
				GCC_DYNAMIC_NO_PIC = NO;
				GCC_NO_COMMON_BLOCKS = YES;
				GCC_OPTIMIZATION_LEVEL = 0;
				GCC_PREPROCESSOR_DEFINITIONS = (
					"DEBUG=1",
					"$(inherited)",
				);
				GCC_WARN_64_TO_32_BIT_CONVERSION = YES;
				GCC_WARN_ABOUT_RETURN_TYPE = YES_ERROR;
				GCC_WARN_UNDECLARED_SELECTOR = YES;
				GCC_WARN_UNINITIALIZED_AUTOS = YES_AGGRESSIVE;
				GCC_WARN_UNUSED_FUNCTION = YES;
				GCC_WARN_UNUSED_VARIABLE = YES;
				IPHONEOS_DEPLOYMENT_TARGET = 13.4;
				MTL_ENABLE_DEBUG_INFO = INCLUDE_SOURCE;
				MTL_FAST_MATH = YES;
				ONLY_ACTIVE_ARCH = YES;
				SDKROOT = iphoneos;
			};
			name = Debug;
		};
		C66F2CFF2465874300F380E4 /* Release */ = {
			isa = XCBuildConfiguration;
			buildSettings = {
				ALWAYS_SEARCH_USER_PATHS = NO;
				CLANG_ANALYZER_NONNULL = YES;
				CLANG_ANALYZER_NUMBER_OBJECT_CONVERSION = YES_AGGRESSIVE;
				CLANG_CXX_LANGUAGE_STANDARD = "gnu++14";
				CLANG_CXX_LIBRARY = "libc++";
				CLANG_ENABLE_MODULES = YES;
				CLANG_ENABLE_OBJC_ARC = YES;
				CLANG_ENABLE_OBJC_WEAK = YES;
				CLANG_WARN_BLOCK_CAPTURE_AUTORELEASING = YES;
				CLANG_WARN_BOOL_CONVERSION = YES;
				CLANG_WARN_COMMA = YES;
				CLANG_WARN_CONSTANT_CONVERSION = YES;
				CLANG_WARN_DEPRECATED_OBJC_IMPLEMENTATIONS = YES;
				CLANG_WARN_DIRECT_OBJC_ISA_USAGE = YES_ERROR;
				CLANG_WARN_DOCUMENTATION_COMMENTS = YES;
				CLANG_WARN_EMPTY_BODY = YES;
				CLANG_WARN_ENUM_CONVERSION = YES;
				CLANG_WARN_INFINITE_RECURSION = YES;
				CLANG_WARN_INT_CONVERSION = YES;
				CLANG_WARN_NON_LITERAL_NULL_CONVERSION = YES;
				CLANG_WARN_OBJC_IMPLICIT_RETAIN_SELF = YES;
				CLANG_WARN_OBJC_LITERAL_CONVERSION = YES;
				CLANG_WARN_OBJC_ROOT_CLASS = YES_ERROR;
				CLANG_WARN_RANGE_LOOP_ANALYSIS = YES;
				CLANG_WARN_STRICT_PROTOTYPES = YES;
				CLANG_WARN_SUSPICIOUS_MOVE = YES;
				CLANG_WARN_UNGUARDED_AVAILABILITY = YES_AGGRESSIVE;
				CLANG_WARN_UNREACHABLE_CODE = YES;
				CLANG_WARN__DUPLICATE_METHOD_MATCH = YES;
				COPY_PHASE_STRIP = NO;
				DEBUG_INFORMATION_FORMAT = "dwarf-with-dsym";
				ENABLE_NS_ASSERTIONS = NO;
				ENABLE_STRICT_OBJC_MSGSEND = YES;
				GCC_C_LANGUAGE_STANDARD = gnu11;
				GCC_NO_COMMON_BLOCKS = YES;
				GCC_WARN_64_TO_32_BIT_CONVERSION = YES;
				GCC_WARN_ABOUT_RETURN_TYPE = YES_ERROR;
				GCC_WARN_UNDECLARED_SELECTOR = YES;
				GCC_WARN_UNINITIALIZED_AUTOS = YES_AGGRESSIVE;
				GCC_WARN_UNUSED_FUNCTION = YES;
				GCC_WARN_UNUSED_VARIABLE = YES;
				IPHONEOS_DEPLOYMENT_TARGET = 13.4;
				MTL_ENABLE_DEBUG_INFO = NO;
				MTL_FAST_MATH = YES;
				SDKROOT = iphoneos;
				VALIDATE_PRODUCT = YES;
			};
			name = Release;
		};
		C66F2D012465874300F380E4 /* Debug */ = {
			isa = XCBuildConfiguration;
			baseConfigurationReference = 6C95719014EEEDC79149738B /* Pods-Demo.debug.xcconfig */;
			buildSettings = {
				ASSETCATALOG_COMPILER_APPICON_NAME = AppIcon;
				CODE_SIGN_IDENTITY = "Apple Development";
				CODE_SIGN_STYLE = Automatic;
				DEVELOPMENT_TEAM = EGTTCNBDA8;
				INFOPLIST_FILE = Demo/Info.plist;
				IPHONEOS_DEPLOYMENT_TARGET = 10.0;
				LD_RUNPATH_SEARCH_PATHS = (
					"$(inherited)",
					"@executable_path/Frameworks",
				);
				PRODUCT_BUNDLE_IDENTIFIER = com.xxxx.hhh;
				PRODUCT_NAME = "$(TARGET_NAME)";
				PROVISIONING_PROFILE_SPECIFIER = "";
				TARGETED_DEVICE_FAMILY = "1,2";
			};
			name = Debug;
		};
		C66F2D022465874300F380E4 /* Release */ = {
			isa = XCBuildConfiguration;
			baseConfigurationReference = 9F69338902ECD8980A604FAB /* Pods-Demo.release.xcconfig */;
			buildSettings = {
				ASSETCATALOG_COMPILER_APPICON_NAME = AppIcon;
				CODE_SIGN_IDENTITY = "Apple Development";
				CODE_SIGN_STYLE = Automatic;
				DEVELOPMENT_TEAM = EGTTCNBDA8;
				INFOPLIST_FILE = Demo/Info.plist;
				IPHONEOS_DEPLOYMENT_TARGET = 10.0;
				LD_RUNPATH_SEARCH_PATHS = (
					"$(inherited)",
					"@executable_path/Frameworks",
				);
				PRODUCT_BUNDLE_IDENTIFIER = com.xxxx.hhh;
				PRODUCT_NAME = "$(TARGET_NAME)";
				PROVISIONING_PROFILE_SPECIFIER = "";
				TARGETED_DEVICE_FAMILY = "1,2";
			};
			name = Release;
		};
		C66F2D042465874300F380E4 /* Debug */ = {
			isa = XCBuildConfiguration;
			baseConfigurationReference = FA1234D6323E93055B217369 /* Pods-DemoTests.debug.xcconfig */;
			buildSettings = {
				BUNDLE_LOADER = "$(TEST_HOST)";
				CODE_SIGN_STYLE = Automatic;
				INFOPLIST_FILE = DemoTests/Info.plist;
				IPHONEOS_DEPLOYMENT_TARGET = 13.4;
				LD_RUNPATH_SEARCH_PATHS = (
					"$(inherited)",
					"@executable_path/Frameworks",
					"@loader_path/Frameworks",
				);
				PRODUCT_BUNDLE_IDENTIFIER = dsafadsfdas.DemoTests;
				PRODUCT_NAME = "$(TARGET_NAME)";
				TARGETED_DEVICE_FAMILY = "1,2";
				TEST_HOST = "$(BUILT_PRODUCTS_DIR)/Demo.app/Demo";
			};
			name = Debug;
		};
		C66F2D052465874300F380E4 /* Release */ = {
			isa = XCBuildConfiguration;
			baseConfigurationReference = 15173070868618D643156AB9 /* Pods-DemoTests.release.xcconfig */;
			buildSettings = {
				BUNDLE_LOADER = "$(TEST_HOST)";
				CODE_SIGN_STYLE = Automatic;
				INFOPLIST_FILE = DemoTests/Info.plist;
				IPHONEOS_DEPLOYMENT_TARGET = 13.4;
				LD_RUNPATH_SEARCH_PATHS = (
					"$(inherited)",
					"@executable_path/Frameworks",
					"@loader_path/Frameworks",
				);
				PRODUCT_BUNDLE_IDENTIFIER = dsafadsfdas.DemoTests;
				PRODUCT_NAME = "$(TARGET_NAME)";
				TARGETED_DEVICE_FAMILY = "1,2";
				TEST_HOST = "$(BUILT_PRODUCTS_DIR)/Demo.app/Demo";
			};
			name = Release;
		};
		C66F2D072465874300F380E4 /* Debug */ = {
			isa = XCBuildConfiguration;
			baseConfigurationReference = 3EF2CA09560C43840739F6E5 /* Pods-Demo-DemoUITests.debug.xcconfig */;
			buildSettings = {
				CODE_SIGN_STYLE = Automatic;
				INFOPLIST_FILE = DemoUITests/Info.plist;
				LD_RUNPATH_SEARCH_PATHS = (
					"$(inherited)",
					"@executable_path/Frameworks",
					"@loader_path/Frameworks",
				);
				PRODUCT_BUNDLE_IDENTIFIER = dsafadsfdas.DemoUITests;
				PRODUCT_NAME = "$(TARGET_NAME)";
				TARGETED_DEVICE_FAMILY = "1,2";
				TEST_TARGET_NAME = Demo;
			};
			name = Debug;
		};
		C66F2D082465874300F380E4 /* Release */ = {
			isa = XCBuildConfiguration;
			baseConfigurationReference = 3F762E7D7D5B4417463B9C24 /* Pods-Demo-DemoUITests.release.xcconfig */;
			buildSettings = {
				CODE_SIGN_STYLE = Automatic;
				INFOPLIST_FILE = DemoUITests/Info.plist;
				LD_RUNPATH_SEARCH_PATHS = (
					"$(inherited)",
					"@executable_path/Frameworks",
					"@loader_path/Frameworks",
				);
				PRODUCT_BUNDLE_IDENTIFIER = dsafadsfdas.DemoUITests;
				PRODUCT_NAME = "$(TARGET_NAME)";
				TARGETED_DEVICE_FAMILY = "1,2";
				TEST_TARGET_NAME = Demo;
			};
			name = Release;
		};
/* End XCBuildConfiguration section */

/* Begin XCConfigurationList section */
		C66F2CCC2465873F00F380E4 /* Build configuration list for PBXProject "Demo" */ = {
			isa = XCConfigurationList;
			buildConfigurations = (
				C66F2CFE2465874300F380E4 /* Debug */,
				C66F2CFF2465874300F380E4 /* Release */,
			);
			defaultConfigurationIsVisible = 0;
			defaultConfigurationName = Release;
		};
		C66F2D002465874300F380E4 /* Build configuration list for PBXNativeTarget "Demo" */ = {
			isa = XCConfigurationList;
			buildConfigurations = (
				C66F2D012465874300F380E4 /* Debug */,
				C66F2D022465874300F380E4 /* Release */,
			);
			defaultConfigurationIsVisible = 0;
			defaultConfigurationName = Release;
		};
		C66F2D032465874300F380E4 /* Build configuration list for PBXNativeTarget "DemoTests" */ = {
			isa = XCConfigurationList;
			buildConfigurations = (
				C66F2D042465874300F380E4 /* Debug */,
				C66F2D052465874300F380E4 /* Release */,
			);
			defaultConfigurationIsVisible = 0;
			defaultConfigurationName = Release;
		};
		C66F2D062465874300F380E4 /* Build configuration list for PBXNativeTarget "DemoUITests" */ = {
			isa = XCConfigurationList;
			buildConfigurations = (
				C66F2D072465874300F380E4 /* Debug */,
				C66F2D082465874300F380E4 /* Release */,
			);
			defaultConfigurationIsVisible = 0;
			defaultConfigurationName = Release;
		};
/* End XCConfigurationList section */
	};
	rootObject = C66F2CC92465873F00F380E4 /* Project object */;
}
